// !$*UTF8*$!
{
	archiveVersion = 1;
	classes = {
	};
	objectVersion = 56;
	objects = {

/* Begin PBXBuildFile section */
		4A0000010000000000000001 /* BeerMapApp.swift in Sources */ = {isa = PBXBuildFile; fileRef = 4A0000010000000000000101 /* BeerMapApp.swift */; };
		4A0000010000000000000002 /* RootView.swift in Sources */ = {isa = PBXBuildFile; fileRef = 4A0000010000000000000102 /* RootView.swift */; };
		4A0000010000000000000003 /* DiscoverView.swift in Sources */ = {isa = PBXBuildFile; fileRef = 4A0000010000000000000103 /* DiscoverView.swift */; };
		4A0000010000000000000004 /* AuthView.swift in Sources */ = {isa = PBXBuildFile; fileRef = 4A0000010000000000000104 /* AuthView.swift */; };
		4A0000010000000000000005 /* AccountView.swift in Sources */ = {isa = PBXBuildFile; fileRef = 4A0000010000000000000105 /* AccountView.swift */; };
		4A0000010000000000000006 /* VenuePortalView.swift in Sources */ = {isa = PBXBuildFile; fileRef = 4A0000010000000000000106 /* VenuePortalView.swift */; };
		4A0000010000000000000007 /* SettingsView.swift in Sources */ = {isa = PBXBuildFile; fileRef = 4A0000010000000000000107 /* SettingsView.swift */; };
		4A0000010000000000000008 /* ReusableViews.swift in Sources */ = {isa = PBXBuildFile; fileRef = 4A0000010000000000000108 /* ReusableViews.swift */; };
		4A0000010000000000000009 /* BeerMapModels.swift in Sources */ = {isa = PBXBuildFile; fileRef = 4A0000010000000000000109 /* BeerMapModels.swift */; };
		4A000001000000000000000A /* BeerMapAPI.swift in Sources */ = {isa = PBXBuildFile; fileRef = 4A000001000000000000010A /* BeerMapAPI.swift */; };
		4A000001000000000000000B /* KeychainSessionStore.swift in Sources */ = {isa = PBXBuildFile; fileRef = 4A000001000000000000010B /* KeychainSessionStore.swift */; };
		4A000001000000000000000C /* AppTheme.swift in Sources */ = {isa = PBXBuildFile; fileRef = 4A000001000000000000010C /* AppTheme.swift */; };
		4A000001000000000000000D /* Assets.xcassets in Resources */ = {isa = PBXBuildFile; fileRef = 4A000001000000000000010D /* Assets.xcassets */; };
/* End PBXBuildFile section */

/* Begin PBXFileReference section */
		4A0000010000000000000101 /* BeerMapApp.swift */ = {isa = PBXFileReference; lastKnownFileType = sourcecode.swift; path = BeerMapApp.swift; sourceTree = "<group>"; };
		4A0000010000000000000102 /* RootView.swift */ = {isa = PBXFileReference; lastKnownFileType = sourcecode.swift; path = RootView.swift; sourceTree = "<group>"; };
		4A0000010000000000000103 /* DiscoverView.swift */ = {isa = PBXFileReference; lastKnownFileType = sourcecode.swift; path = DiscoverView.swift; sourceTree = "<group>"; };
		4A0000010000000000000104 /* AuthView.swift */ = {isa = PBXFileReference; lastKnownFileType = sourcecode.swift; path = AuthView.swift; sourceTree = "<group>"; };
		4A0000010000000000000105 /* AccountView.swift */ = {isa = PBXFileReference; lastKnownFileType = sourcecode.swift; path = AccountView.swift; sourceTree = "<group>"; };
		4A0000010000000000000106 /* VenuePortalView.swift */ = {isa = PBXFileReference; lastKnownFileType = sourcecode.swift; path = VenuePortalView.swift; sourceTree = "<group>"; };
		4A0000010000000000000107 /* SettingsView.swift */ = {isa = PBXFileReference; lastKnownFileType = sourcecode.swift; path = SettingsView.swift; sourceTree = "<group>"; };
		4A0000010000000000000108 /* ReusableViews.swift */ = {isa = PBXFileReference; lastKnownFileType = sourcecode.swift; path = ReusableViews.swift; sourceTree = "<group>"; };
		4A0000010000000000000109 /* BeerMapModels.swift */ = {isa = PBXFileReference; lastKnownFileType = sourcecode.swift; path = BeerMapModels.swift; sourceTree = "<group>"; };
		4A000001000000000000010A /* BeerMapAPI.swift */ = {isa = PBXFileReference; lastKnownFileType = sourcecode.swift; path = BeerMapAPI.swift; sourceTree = "<group>"; };
		4A000001000000000000010B /* KeychainSessionStore.swift */ = {isa = PBXFileReference; lastKnownFileType = sourcecode.swift; path = KeychainSessionStore.swift; sourceTree = "<group>"; };
		4A000001000000000000010C /* AppTheme.swift */ = {isa = PBXFileReference; lastKnownFileType = sourcecode.swift; path = AppTheme.swift; sourceTree = "<group>"; };
		4A000001000000000000010D /* Assets.xcassets */ = {isa = PBXFileReference; lastKnownFileType = folder.assetcatalog; path = Assets.xcassets; sourceTree = "<group>"; };
		4A000001000000000000010E /* Info.plist */ = {isa = PBXFileReference; lastKnownFileType = text.plist.xml; path = Info.plist; sourceTree = "<group>"; };
		4A000001000000000000010F /* BeerMap.app */ = {isa = PBXFileReference; explicitFileType = wrapper.application; includeInIndex = 0; path = BeerMap.app; sourceTree = BUILT_PRODUCTS_DIR; };
/* End PBXFileReference section */

/* Begin PBXFrameworksBuildPhase section */
		4A0000010000000000000201 /* Frameworks */ = {
			isa = PBXFrameworksBuildPhase;
			buildActionMask = 2147483647;
			files = (
			);
			runOnlyForDeploymentPostprocessing = 0;
		};
/* End PBXFrameworksBuildPhase section */

/* Begin PBXGroup section */
		4A0000010000000000000301 = {
			isa = PBXGroup;
			children = (
				4A0000010000000000000302 /* BeerMap */,
				4A0000010000000000000303 /* Products */,
			);
			sourceTree = "<group>";
		};
		4A0000010000000000000302 /* BeerMap */ = {
			isa = PBXGroup;
			children = (
				4A000001000000000000010E /* Info.plist */,
				4A0000010000000000000304 /* App */,
				4A0000010000000000000305 /* Features */,
				4A0000010000000000000306 /* Components */,
				4A0000010000000000000307 /* Models */,
				4A0000010000000000000308 /* Services */,
				4A0000010000000000000309 /* Theme */,
				4A000001000000000000010D /* Assets.xcassets */,
			);
			path = BeerMap;
			sourceTree = "<group>";
		};
		4A0000010000000000000303 /* Products */ = {
			isa = PBXGroup;
			children = (
				4A000001000000000000010F /* BeerMap.app */,
			);
			name = Products;
			sourceTree = "<group>";
		};
		4A0000010000000000000304 /* App */ = {
			isa = PBXGroup;
			children = (
				4A0000010000000000000101 /* BeerMapApp.swift */,
			);
			path = App;
			sourceTree = "<group>";
		};
		4A0000010000000000000305 /* Features */ = {
			isa = PBXGroup;
			children = (
				4A0000010000000000000102 /* RootView.swift */,
				4A0000010000000000000103 /* DiscoverView.swift */,
				4A0000010000000000000104 /* AuthView.swift */,
				4A0000010000000000000105 /* AccountView.swift */,
				4A0000010000000000000106 /* VenuePortalView.swift */,
				4A0000010000000000000107 /* SettingsView.swift */,
			);
			path = Features;
			sourceTree = "<group>";
		};
		4A0000010000000000000306 /* Components */ = {
			isa = PBXGroup;
			children = (
				4A0000010000000000000108 /* ReusableViews.swift */,
			);
			path = Components;
			sourceTree = "<group>";
		};
		4A0000010000000000000307 /* Models */ = {
			isa = PBXGroup;
			children = (
				4A0000010000000000000109 /* BeerMapModels.swift */,
			);
			path = Models;
			sourceTree = "<group>";
		};
		4A0000010000000000000308 /* Services */ = {
			isa = PBXGroup;
			children = (
				4A000001000000000000010A /* BeerMapAPI.swift */,
				4A000001000000000000010B /* KeychainSessionStore.swift */,
			);
			path = Services;
			sourceTree = "<group>";
		};
		4A0000010000000000000309 /* Theme */ = {
			isa = PBXGroup;
			children = (
				4A000001000000000000010C /* AppTheme.swift */,
			);
			path = Theme;
			sourceTree = "<group>";
		};
/* End PBXGroup section */

/* Begin PBXNativeTarget section */
		4A0000010000000000000401 /* BeerMap */ = {
			isa = PBXNativeTarget;
			buildConfigurationList = 4A0000010000000000000902 /* Build configuration list for PBXNativeTarget "BeerMap" */;
			buildPhases = (
				4A0000010000000000000501 /* Sources */,
				4A0000010000000000000201 /* Frameworks */,
				4A0000010000000000000601 /* Resources */,
			);
			buildRules = (
			);
			dependencies = (
			);
			name = BeerMap;
			productName = BeerMap;
			productReference = 4A000001000000000000010F /* BeerMap.app */;
			productType = "com.apple.product-type.application";
		};
/* End PBXNativeTarget section */

/* Begin PBXProject section */
		4A0000010000000000000701 /* Project object */ = {
			isa = PBXProject;
			attributes = {
				BuildIndependentTargetsInParallel = 1;
				LastSwiftUpdateCheck = 1600;
				LastUpgradeCheck = 1600;
				TargetAttributes = {
					4A0000010000000000000401 = {
						CreatedOnToolsVersion = 16.0;
					};
				};
			};
			buildConfigurationList = 4A0000010000000000000901 /* Build configuration list for PBXProject "BeerMap" */;
			compatibilityVersion = "Xcode 14.0";
			developmentRegion = en;
			hasScannedForEncodings = 0;
			knownRegions = (
				en,
				Base,
			);
			mainGroup = 4A0000010000000000000301;
			productRefGroup = 4A0000010000000000000303 /* Products */;
			projectDirPath = "";
			projectRoot = "";
			targets = (
				4A0000010000000000000401 /* BeerMap */,
			);
		};
/* End PBXProject section */

/* Begin PBXResourcesBuildPhase section */
		4A0000010000000000000601 /* Resources */ = {
			isa = PBXResourcesBuildPhase;
			buildActionMask = 2147483647;
			files = (
				4A000001000000000000000D /* Assets.xcassets in Resources */,
			);
			runOnlyForDeploymentPostprocessing = 0;
		};
/* End PBXResourcesBuildPhase section */

/* Begin PBXSourcesBuildPhase section */
		4A0000010000000000000501 /* Sources */ = {
			isa = PBXSourcesBuildPhase;
			buildActionMask = 2147483647;
			files = (
				4A0000010000000000000001 /* BeerMapApp.swift in Sources */,
				4A0000010000000000000002 /* RootView.swift in Sources */,
				4A0000010000000000000003 /* DiscoverView.swift in Sources */,
				4A0000010000000000000004 /* AuthView.swift in Sources */,
				4A0000010000000000000005 /* AccountView.swift in Sources */,
				4A0000010000000000000006 /* VenuePortalView.swift in Sources */,
				4A0000010000000000000007 /* SettingsView.swift in Sources */,
				4A0000010000000000000008 /* ReusableViews.swift in Sources */,
				4A0000010000000000000009 /* BeerMapModels.swift in Sources */,
				4A000001000000000000000A /* BeerMapAPI.swift in Sources */,
				4A000001000000000000000B /* KeychainSessionStore.swift in Sources */,
				4A000001000000000000000C /* AppTheme.swift in Sources */,
			);
			runOnlyForDeploymentPostprocessing = 0;
		};
/* End PBXSourcesBuildPhase section */

/* Begin XCBuildConfiguration section */
		4A0000010000000000000801 /* Debug */ = {
			isa = XCBuildConfiguration;
			buildSettings = {
				ALWAYS_SEARCH_USER_PATHS = NO;
				CLANG_ANALYZER_NONNULL = YES;
				CLANG_ANALYZER_NUMBER_OBJECT_CONVERSION = YES_AGGRESSIVE;
				CLANG_CXX_LANGUAGE_STANDARD = "gnu++20";
				CLANG_ENABLE_MODULES = YES;
				CLANG_ENABLE_OBJC_ARC = YES;
				CLANG_ENABLE_OBJC_WEAK = YES;
				CLANG_WARN_BLOCK_CAPTURE_AUTORELEASING = YES;
				CLANG_WARN_BOOL_CONVERSION = YES;
				CLANG_WARN_COMMA = YES;
				CLANG_WARN_CONSTANT_CONVERSION = YES;
				CLANG_WARN_DEPRECATED_OBJC_IMPLEMENTATIONS = YES;
				CLANG_WARN_DIRECT_OBJC_ISA_USAGE = YES_ERROR;
				CLANG_WARN_DOCUMENTATION_COMMENTS = YES;
				CLANG_WARN_EMPTY_BODY = YES;
				CLANG_WARN_ENUM_CONVERSION = YES;
				CLANG_WARN_INFINITE_RECURSION = YES;
				CLANG_WARN_INT_CONVERSION = YES;
				CLANG_WARN_NON_LITERAL_NULL_CONVERSION = YES;
				CLANG_WARN_OBJC_IMPLICIT_RETAIN_SELF = YES;
				CLANG_WARN_OBJC_LITERAL_CONVERSION = YES;
				CLANG_WARN_OBJC_ROOT_CLASS = YES_ERROR;
				CLANG_WARN_QUOTED_INCLUDE_IN_FRAMEWORK_HEADER = YES;
				CLANG_WARN_RANGE_LOOP_ANALYSIS = YES;
				CLANG_WARN_STRICT_PROTOTYPES = YES;
				CLANG_WARN_SUSPICIOUS_MOVE = YES;
				CLANG_WARN_UNGUARDED_AVAILABILITY = YES_AGGRESSIVE;
				CLANG_WARN_UNREACHABLE_CODE = YES;
				CLANG_WARN__DUPLICATE_METHOD_MATCH = YES;
				COPY_PHASE_STRIP = NO;
				DEBUG_INFORMATION_FORMAT = dwarf;
				ENABLE_STRICT_OBJC_MSGSEND = YES;
				ENABLE_TESTABILITY = YES;
				ENABLE_USER_SCRIPT_SANDBOXING = YES;
				GCC_C_LANGUAGE_STANDARD = gnu17;
				GCC_DYNAMIC_NO_PIC = NO;
				GCC_NO_COMMON_BLOCKS = YES;
				GCC_OPTIMIZATION_LEVEL = 0;
				GCC_PREPROCESSOR_DEFINITIONS = (
					"DEBUG=1",
					"$(inherited)",
				);
				GCC_WARN_64_TO_32_BIT_CONVERSION = YES;
				GCC_WARN_ABOUT_RETURN_TYPE = YES_ERROR;
				GCC_WARN_UNDECLARED_SELECTOR = YES;
				GCC_WARN_UNINITIALIZED_AUTOS = YES_AGGRESSIVE;
				GCC_WARN_UNUSED_FUNCTION = YES;
				GCC_WARN_UNUSED_VARIABLE = YES;
				IPHONEOS_DEPLOYMENT_TARGET = 17.0;
				MTL_ENABLE_DEBUG_INFO = INCLUDE_SOURCE;
				MTL_FAST_MATH = YES;
				ONLY_ACTIVE_ARCH = YES;
				SDKROOT = iphoneos;
				SWIFT_ACTIVE_COMPILATION_CONDITIONS = DEBUG;
				SWIFT_OPTIMIZATION_LEVEL = "-Onone";
			};
			name = Debug;
		};
		4A0000010000000000000802 /* Release */ = {
			isa = XCBuildConfiguration;
			buildSettings = {
				ALWAYS_SEARCH_USER_PATHS = NO;
				CLANG_ANALYZER_NONNULL = YES;
				CLANG_ANALYZER_NUMBER_OBJECT_CONVERSION = YES_AGGRESSIVE;
				CLANG_CXX_LANGUAGE_STANDARD = "gnu++20";
				CLANG_ENABLE_MODULES = YES;
				CLANG_ENABLE_OBJC_ARC = YES;
				CLANG_ENABLE_OBJC_WEAK = YES;
				CLANG_WARN_BLOCK_CAPTURE_AUTORELEASING = YES;
				CLANG_WARN_BOOL_CONVERSION = YES;
				CLANG_WARN_COMMA = YES;
				CLANG_WARN_CONSTANT_CONVERSION = YES;
				CLANG_WARN_DEPRECATED_OBJC_IMPLEMENTATIONS = YES;
				CLANG_WARN_DIRECT_OBJC_ISA_USAGE = YES_ERROR;
				CLANG_WARN_DOCUMENTATION_COMMENTS = YES;
				CLANG_WARN_EMPTY_BODY = YES;
				CLANG_WARN_ENUM_CONVERSION = YES;
				CLANG_WARN_INFINITE_RECURSION = YES;
				CLANG_WARN_INT_CONVERSION = YES;
				CLANG_WARN_NON_LITERAL_NULL_CONVERSION = YES;
				CLANG_WARN_OBJC_IMPLICIT_RETAIN_SELF = YES;
				CLANG_WARN_OBJC_LITERAL_CONVERSION = YES;
				CLANG_WARN_OBJC_ROOT_CLASS = YES_ERROR;
				CLANG_WARN_QUOTED_INCLUDE_IN_FRAMEWORK_HEADER = YES;
				CLANG_WARN_RANGE_LOOP_ANALYSIS = YES;
				CLANG_WARN_STRICT_PROTOTYPES = YES;
				CLANG_WARN_SUSPICIOUS_MOVE = YES;
				CLANG_WARN_UNGUARDED_AVAILABILITY = YES_AGGRESSIVE;
				CLANG_WARN_UNREACHABLE_CODE = YES;
				CLANG_WARN__DUPLICATE_METHOD_MATCH = YES;
				COPY_PHASE_STRIP = NO;
				DEBUG_INFORMATION_FORMAT = "dwarf-with-dsym";
				ENABLE_NS_ASSERTIONS = NO;
				ENABLE_STRICT_OBJC_MSGSEND = YES;
				ENABLE_USER_SCRIPT_SANDBOXING = YES;
				GCC_C_LANGUAGE_STANDARD = gnu17;
				GCC_NO_COMMON_BLOCKS = YES;
				GCC_WARN_64_TO_32_BIT_CONVERSION = YES;
				GCC_WARN_ABOUT_RETURN_TYPE = YES_ERROR;
				GCC_WARN_UNDECLARED_SELECTOR = YES;
				GCC_WARN_UNINITIALIZED_AUTOS = YES_AGGRESSIVE;
				GCC_WARN_UNUSED_FUNCTION = YES;
				GCC_WARN_UNUSED_VARIABLE = YES;
				IPHONEOS_DEPLOYMENT_TARGET = 17.0;
				MTL_ENABLE_DEBUG_INFO = NO;
				MTL_FAST_MATH = YES;
				SDKROOT = iphoneos;
				SWIFT_COMPILATION_MODE = wholemodule;
				VALIDATE_PRODUCT = YES;
			};
			name = Release;
		};
		4A0000010000000000000803 /* Debug */ = {
			isa = XCBuildConfiguration;
			buildSettings = {
				ASSETCATALOG_COMPILER_APPICON_NAME = AppIcon;
				CODE_SIGN_STYLE = Automatic;
				CURRENT_PROJECT_VERSION = 1;
				DEVELOPMENT_TEAM = "";
				GENERATE_INFOPLIST_FILE = NO;
				INFOPLIST_FILE = BeerMap/Info.plist;
				LD_RUNPATH_SEARCH_PATHS = (
					"$(inherited)",
					"@executable_path/Frameworks",
				);
				MARKETING_VERSION = 0.1.0;
				PRODUCT_BUNDLE_IDENTIFIER = au.pintpath.beermap;
				PRODUCT_NAME = BeerMap;
				SUPPORTED_PLATFORMS = "iphoneos iphonesimulator";
				SWIFT_EMIT_LOC_STRINGS = YES;
				SWIFT_VERSION = 6.0;
				TARGETED_DEVICE_FAMILY = 1;
			};
			name = Debug;
		};
		4A0000010000000000000804 /* Release */ = {
			isa = XCBuildConfiguration;
			buildSettings = {
				ASSETCATALOG_COMPILER_APPICON_NAME = AppIcon;
				CODE_SIGN_STYLE = Automatic;
				CURRENT_PROJECT_VERSION = 1;
				DEVELOPMENT_TEAM = "";
				GENERATE_INFOPLIST_FILE = NO;
				INFOPLIST_FILE = BeerMap/Info.plist;
				LD_RUNPATH_SEARCH_PATHS = (
					"$(inherited)",
					"@executable_path/Frameworks",
				);
				MARKETING_VERSION = 0.1.0;
				PRODUCT_BUNDLE_IDENTIFIER = au.pintpath.beermap;
				PRODUCT_NAME = BeerMap;
				SUPPORTED_PLATFORMS = "iphoneos iphonesimulator";
				SWIFT_EMIT_LOC_STRINGS = YES;
				SWIFT_VERSION = 6.0;
				TARGETED_DEVICE_FAMILY = 1;
			};
			name = Release;
		};
/* End XCBuildConfiguration section */

/* Begin XCConfigurationList section */
		4A0000010000000000000901 /* Build configuration list for PBXProject "BeerMap" */ = {
			isa = XCConfigurationList;
			buildConfigurations = (
				4A0000010000000000000801 /* Debug */,
				4A0000010000000000000802 /* Release */,
			);
			defaultConfigurationIsVisible = 0;
			defaultConfigurationName = Release;
		};
		4A0000010000000000000902 /* Build configuration list for PBXNativeTarget "BeerMap" */ = {
			isa = XCConfigurationList;
			buildConfigurations = (
				4A0000010000000000000803 /* Debug */,
				4A0000010000000000000804 /* Release */,
			);
			defaultConfigurationIsVisible = 0;
			defaultConfigurationName = Release;
		};
/* End XCConfigurationList section */
	};
	rootObject = 4A0000010000000000000701 /* Project object */;
}

